
Microsoft Visual Studio Solution File, Format Version 12.00
# Visual Studio Version 16
VisualStudioVersion = 16.0.29806.167
MinimumVisualStudioVersion = 10.0.40219.1
Project("{FAE04EC0-301F-11D3-BF4B-00C04F79EFBC}") = "SquirtingElephantUtils", "SquirtingElephantUtils\SquirtingElephantUtils.csproj", "{704C4602-BE09-467A-AC38-40D27F7D9145}"
EndProject
Project("{9A19103F-16F7-4668-BE54-9A1E7A4F7556}") = "AllTests", "AllTests\AllTests.csproj", "{D0C41EFC-3787-4252-933D-8D8796319587}"
EndProject
Global
	GlobalSection(SolutionConfigurationPlatforms) = preSolution
		Debug|Any CPU = Debug|Any CPU
		Release|Any CPU = Release|Any CPU
	EndGlobalSection
	GlobalSection(ProjectConfigurationPlatforms) = postSolution
		{704C4602-BE09-467A-AC38-40D27F7D9145}.Debug|Any CPU.ActiveCfg = Debug|Any CPU
		{704C4602-BE09-467A-AC38-40D27F7D9145}.Debug|Any CPU.Build.0 = Debug|Any CPU
		{704C4602-BE09-467A-AC38-40D27F7D9145}.Release|Any CPU.ActiveCfg = Release|Any CPU
		{704C4602-BE09-467A-AC38-40D27F7D9145}.Release|Any CPU.Build.0 = Release|Any CPU
		{D0C41EFC-3787-4252-933D-8D8796319587}.Debug|Any CPU.ActiveCfg = Debug|Any CPU
		{D0C41EFC-3787-4252-933D-8D8796319587}.Debug|Any CPU.Build.0 = Debug|Any CPU
		{D0C41EFC-3787-4252-933D-8D8796319587}.Release|Any CPU.ActiveCfg = Release|Any CPU
		{D0C41EFC-3787-4252-933D-8D8796319587}.Release|Any CPU.Build.0 = Release|Any CPU
	EndGlobalSection
	GlobalSection(SolutionProperties) = preSolution
		HideSolutionNode = FALSE
	EndGlobalSection
	GlobalSection(ExtensibilityGlobals) = postSolution
		SolutionGuid = {8322D4EA-FA63-4934-838D-7FF6E1043252}
	EndGlobalSection
EndGlobal
